services:
    purethink.cms.block.language:
        class: Purethink\CMSBundle\Block\LanguageBlock
        tags:
            - { name: sonata.block }
        arguments: ["gamedot.competition.block.platform", @templating, @doctrine.orm.entity_manager]

    purethink.cms.block.menu:
        class: Purethink\CMSBundle\Block\MenuBlock
        tags:
            - { name: sonata.block }
        arguments: ["gamedot.competition.block.platform", @templating, @doctrine.orm.entity_manager, @request_stack]

    purethink.cms.block.component:
        class: Purethink\CMSBundle\Block\ComponentBlock
        tags:
            - { name: sonata.block }
        arguments: ["gamedot.competition.block.platform", @templating, @doctrine.orm.entity_manager, @request_stack]

    purethink.cms.block.article:
        class: Purethink\CMSBundle\Block\ArticleBlock
        tags:
            - { name: sonata.block }
        arguments: ["purethink.cms.block.article", @templating, @doctrine.orm.entity_manager, @request_stack]